// !$*UTF8*$!
{
	archiveVersion = 1;
	classes = {
	};
	objectVersion = 77;
	objects = {

/* Begin PBXBuildFile section */
		05104C618E7BEEA97D5AE212 /* AssetVideoSource.swift in Sources */ = {isa = PBXBuildFile; fileRef = 27762E892A116A0129F170C2 /* AssetVideoSource.swift */; };
		0927703FFF749E61E03AE0A4 /* BoardLocalizer.swift in Sources */ = {isa = PBXBuildFile; fileRef = AFA3E7681CE93FE2D646331D /* BoardLocalizer.swift */; };
		0A11C0DE5C0A11C0DE5C0A11 /* ChessboardGridScore.swift in Sources */ = {isa = PBXBuildFile; fileRef = 0A11C0DE5C0A11C0DE5C0A12 /* ChessboardGridScore.swift */; };
		0A11C0DE5C0A11C0DE5C0A13 /* QuadConsensus.swift in Sources */ = {isa = PBXBuildFile; fileRef = 0A11C0DE5C0A11C0DE5C0A14 /* QuadConsensus.swift */; };
		0A11C0DE5C0A11C0DE5C0A15 /* BoardLocalizerScoreTests.swift in Sources */ = {isa = PBXBuildFile; fileRef = 0A11C0DE5C0A11C0DE5C0A16 /* BoardLocalizerScoreTests.swift */; };
		0DFD3E376157F38C52B5CCE8 /* VisionPipeline.swift in Sources */ = {isa = PBXBuildFile; fileRef = 7F09C832452C674A3F981FA6 /* VisionPipeline.swift */; };
		196738630B87B3F96068CEF0 /* SessionReducerTests.swift in Sources */ = {isa = PBXBuildFile; fileRef = 885774EC391C6A091B692228 /* SessionReducerTests.swift */; };
		1B96F7BD962BD338B9647838 /* ConfirmStartView.swift in Sources */ = {isa = PBXBuildFile; fileRef = 8D0196B7AAFE7491A7D276E0 /* ConfirmStartView.swift */; };
		214BB437FEE30A0FA1133B33 /* BoardOrientation.swift in Sources */ = {isa = PBXBuildFile; fileRef = 57F34291011A15555B73F460 /* BoardOrientation.swift */; };
		25FFFB7619F4FF686BFFEDCA /* FrameSource.swift in Sources */ = {isa = PBXBuildFile; fileRef = BAA39EB2AE3A09A5E91A53FE /* FrameSource.swift */; };
		29EA8CF6D8ED8595F28747DD /* MoveInferrer.swift in Sources */ = {isa = PBXBuildFile; fileRef = 86B3E77CD23B263A99D0C954 /* MoveInferrer.swift */; };
		34378F577714DF609FDC131A /* OccupancyTests.swift in Sources */ = {isa = PBXBuildFile; fileRef = D8BC96D9A76DCA39603BC639 /* OccupancyTests.swift */; };
		3659DFF731728761CDB532E4 /* Quadrilateral.swift in Sources */ = {isa = PBXBuildFile; fileRef = 0CED534D304BB42852031DD1 /* Quadrilateral.swift */; };
		37206928B6D3C62354AC1A26 /* ReplayView.swift in Sources */ = {isa = PBXBuildFile; fileRef = D153B0C245C35784202078C0 /* ReplayView.swift */; };
		373DD7FC3FF8B3988C8AB518 /* MoveInferrerTests.swift in Sources */ = {isa = PBXBuildFile; fileRef = F385A1C6D000AE9DFF229B3E /* MoveInferrerTests.swift */; };
		394077BAF45B899B3F61FC66 /* CornerHandle.swift in Sources */ = {isa = PBXBuildFile; fileRef = 2F906397F6B499ED9F74D0D6 /* CornerHandle.swift */; };
		3BFA2E61456376388504D61A /* VideoMappingTests.swift in Sources */ = {isa = PBXBuildFile; fileRef = D319D0AC3281B999D0BAC505 /* VideoMappingTests.swift */; };
		3D65842AF9A0512F692B0B8C /* CornerCalibrationView.swift in Sources */ = {isa = PBXBuildFile; fileRef = CC33CDAF021C4A67084142D2 /* CornerCalibrationView.swift */; };
		43530378565097A5867B7EF1 /* AppContainer.swift in Sources */ = {isa = PBXBuildFile; fileRef = 9E0EB3CE243B9B1352369C63 /* AppContainer.swift */; };
		4818C00D3247ABE67102D9D2 /* ChessSquareTests.swift in Sources */ = {isa = PBXBuildFile; fileRef = AB8DC8A93FD43242B661A48C /* ChessSquareTests.swift */; };
		4B05BFE888C05B43F364B189 /* ChessKit in Frameworks */ = {isa = PBXBuildFile; productRef = F9C6DB4342DC94DB08F37C45 /* ChessKit */; };
		52C0873690FA20966CD1193E /* CameraPreview.swift in Sources */ = {isa = PBXBuildFile; fileRef = 641EB4B86D2BBBE963570277 /* CameraPreview.swift */; };
		531F7CB04F6CE258D1CB83C3 /* RecordingSessionViewModel.swift in Sources */ = {isa = PBXBuildFile; fileRef = 8AB830616D711F6080310971 /* RecordingSessionViewModel.swift */; };
		558D6B0218A11D50738FF5EF /* SessionFlowView.swift in Sources */ = {isa = PBXBuildFile; fileRef = 4ED39002C57FA3559FAB339C /* SessionFlowView.swift */; };
		5724114A3102A693276D4065 /* EditMoveSheet.swift in Sources */ = {isa = PBXBuildFile; fileRef = 6716FC7C8065EF77F736FBD6 /* EditMoveSheet.swift */; };
		5B35A801578A14E6BAC5661A /* HistoryView.swift in Sources */ = {isa = PBXBuildFile; fileRef = 74F267858130A613897B2531 /* HistoryView.swift */; };
		5B9CBD76688D6499602BADA6 /* GridSamplerTests.swift in Sources */ = {isa = PBXBuildFile; fileRef = 2687048DD7EAFFA84374F96C /* GridSamplerTests.swift */; };
		616ED4E13FA1D0BF878DB1EE /* ChessCameraApp.swift in Sources */ = {isa = PBXBuildFile; fileRef = B4550D3A4EC5B1F9F5E09F7B /* ChessCameraApp.swift */; };
		6887C8BEC20B9E9138852220 /* BoardQuadOverlay.swift in Sources */ = {isa = PBXBuildFile; fileRef = 47C2D4FB6153013B0037F4DC /* BoardQuadOverlay.swift */; };
		69B11F190BCA0E8685F3FC05 /* Assets.xcassets in Resources */ = {isa = PBXBuildFile; fileRef = 4F1EF2B9089815AFC5B0DE93 /* Assets.xcassets */; };
		6F6F914D6E1A5E5DE0288DAA /* BoardStudioView.swift in Sources */ = {isa = PBXBuildFile; fileRef = C728BC089E05D1DE58D4A98E /* BoardStudioView.swift */; };
		749AA361C72F39C5DC30B868 /* BoardDetectionView.swift in Sources */ = {isa = PBXBuildFile; fileRef = C46CC9DDC9504DBD80822876 /* BoardDetectionView.swift */; };
		7565B081FE990130FDA594AF /* LiveCameraSource.swift in Sources */ = {isa = PBXBuildFile; fileRef = D8CAED125FB37E264AF34D9C /* LiveCameraSource.swift */; };
		7C8C667EB0A8122D70D4012A /* BoardGridOverlay.swift in Sources */ = {isa = PBXBuildFile; fileRef = A71CEBD9D619FAE0AF196B22 /* BoardGridOverlay.swift */; };
		7E55A474CDB7FA8EDD927F5C /* PrimaryButton.swift in Sources */ = {isa = PBXBuildFile; fileRef = 3D51154E1D59586FEF0959A1 /* PrimaryButton.swift */; };
		803E1176B99E1E0251B2D4D6 /* OccupancyEstimator.swift in Sources */ = {isa = PBXBuildFile; fileRef = BDD0BB7A070EF2EA30CBA486 /* OccupancyEstimator.swift */; };
		8D3B37420D3FBC8855BF9A79 /* OccupancyGridOverlay.swift in Sources */ = {isa = PBXBuildFile; fileRef = B9187FD9661CEFF90455249C /* OccupancyGridOverlay.swift */; };
		9EAB8A7EFAEDC96BCE7080CD /* VideoMapping.swift in Sources */ = {isa = PBXBuildFile; fileRef = A4D425D12AF9A60D29FFFCD6 /* VideoMapping.swift */; };
		9F0EFF697E4A3D38399B1829 /* SetupPrimerView.swift in Sources */ = {isa = PBXBuildFile; fileRef = 370B62A5F0006AA5BA4679CC /* SetupPrimerView.swift */; };
		A0184C1D450D6309DA1C3C43 /* CameraPermissionView.swift in Sources */ = {isa = PBXBuildFile; fileRef = 72FE7C1A587B62DC967E2B51 /* CameraPermissionView.swift */; };
		A1C3A2F6D053D4FC266969BF /* Occupancy.swift in Sources */ = {isa = PBXBuildFile; fileRef = 4ECF8CD0493C1DF86F812C65 /* Occupancy.swift */; };
		A7BF2FCA5A0175597D2ABB85 /* OccupancyEstimatorTests.swift in Sources */ = {isa = PBXBuildFile; fileRef = 0E48CF6C220FF6B94508C5A2 /* OccupancyEstimatorTests.swift */; };
		AA9463A9DED518FD7C7BAB57 /* FenBar.swift in Sources */ = {isa = PBXBuildFile; fileRef = 77D0BFBF62F1C1BE14BABFA4 /* FenBar.swift */; };
		AB694D3E4CAA82EF207B0020 /* SecondaryButton.swift in Sources */ = {isa = PBXBuildFile; fileRef = 94B40F811C0E6F4925584380 /* SecondaryButton.swift */; };
		AC957787020982DD36FA616B /* Theme.swift in Sources */ = {isa = PBXBuildFile; fileRef = 9CEE2DCF9ED9DE0888413B88 /* Theme.swift */; };
		ACA986A15065145232FCAA16 /* StatusBanner.swift in Sources */ = {isa = PBXBuildFile; fileRef = 965DE7BAC5CEA82F32932572 /* StatusBanner.swift */; };
		AEB143CDCE6BD739F276288C /* DigitalBoardView.swift in Sources */ = {isa = PBXBuildFile; fileRef = 7AB2C097D4F49229B6F0C6E9 /* DigitalBoardView.swift */; };
		B2AD095917287D559B0DB25B /* CornerTrackerTests.swift in Sources */ = {isa = PBXBuildFile; fileRef = D9BF998250CF9B586DE46A86 /* CornerTrackerTests.swift */; };
		B45E2E887B33396EA01523BD /* LiveRecordingView.swift in Sources */ = {isa = PBXBuildFile; fileRef = 4366B489D9995754DA91A995 /* LiveRecordingView.swift */; };
		B586646729DCE53F787169A3 /* CornerTracker.swift in Sources */ = {isa = PBXBuildFile; fileRef = C1013B27E23EDD807311855C /* CornerTracker.swift */; };
		BA7478BBD8A3008ADC3AC49E /* SessionPhase.swift in Sources */ = {isa = PBXBuildFile; fileRef = BE38A828270834A19A69AFAA /* SessionPhase.swift */; };
		C05E782950D99E493B421334 /* SettleDetector.swift in Sources */ = {isa = PBXBuildFile; fileRef = D92EB850B56B89077875BFBE /* SettleDetector.swift */; };
		C2AAA022190DFAF737E05519 /* GameRecord.swift in Sources */ = {isa = PBXBuildFile; fileRef = 9179C54600BDD7A36F495747 /* GameRecord.swift */; };
		C57CA4E9BABDF8C9BD21EE68 /* GameEngine.swift in Sources */ = {isa = PBXBuildFile; fileRef = 5EE9A5A8A196054CB608A014 /* GameEngine.swift */; };
		C6B0C6D517AC61A0E199D596 /* FenCodec.swift in Sources */ = {isa = PBXBuildFile; fileRef = 93B7B146A7B69AED646C6ACF /* FenCodec.swift */; };
		CF91F0EB3BEF44E87E5FFF06 /* SettleDetectorTests.swift in Sources */ = {isa = PBXBuildFile; fileRef = 42F3D98EC612F6962407582C /* SettleDetectorTests.swift */; };
		E19E0E60BDE4C5F84ADDEFEC /* ShareSheet.swift in Sources */ = {isa = PBXBuildFile; fileRef = 5205AE72ECC8A76BCD8EFCE7 /* ShareSheet.swift */; };
		E4C8382C44C0123BC07874B3 /* PieceClassifier.swift in Sources */ = {isa = PBXBuildFile; fileRef = CC7264E35F2622519CD7AFD5 /* PieceClassifier.swift */; };
		E89AF36505E4C612017789E7 /* WarpedBoardView.swift in Sources */ = {isa = PBXBuildFile; fileRef = 4830D1AEC7276C133B59756F /* WarpedBoardView.swift */; };
		EB8A71718C2C2C199A9018A3 /* GameEngineTests.swift in Sources */ = {isa = PBXBuildFile; fileRef = 3D4DF6AAD7DFA7C4AFFB57BA /* GameEngineTests.swift */; };
		EE982BA48D41A96F96BE4F63 /* MoveListView.swift in Sources */ = {isa = PBXBuildFile; fileRef = 345B8F34C0C137F732B2A45F /* MoveListView.swift */; };
		F1902E8630C19010F90C22A5 /* GridSampler.swift in Sources */ = {isa = PBXBuildFile; fileRef = F133624111158A6BC81A9525 /* GridSampler.swift */; };
		F295EA609CA9D7AEDEEC3177 /* BoardWarper.swift in Sources */ = {isa = PBXBuildFile; fileRef = 6F60C51FC76184F806DA689F /* BoardWarper.swift */; };
		F7B547D92B8D3599F90F22A5 /* GameOverView.swift in Sources */ = {isa = PBXBuildFile; fileRef = 71AE7AECECBB5E3BC7AF3222 /* GameOverView.swift */; };
		FD11C9AE03C4FAD97C277F81 /* PieceClass.swift in Sources */ = {isa = PBXBuildFile; fileRef = 136134940AEE54A92F2C9DEF /* PieceClass.swift */; };
		FEE14E29CEF6B39419B46413 /* ChessSquare.swift in Sources */ = {isa = PBXBuildFile; fileRef = 944E004252F81031D1BD067B /* ChessSquare.swift */; };
/* End PBXBuildFile section */

/* Begin PBXContainerItemProxy section */
		2E476D96C4D7BB9B1EF57F89 /* PBXContainerItemProxy */ = {
			isa = PBXContainerItemProxy;
			containerPortal = 46A074B6B537DEA09CD01496 /* Project object */;
			proxyType = 1;
			remoteGlobalIDString = F21275A360A34ABF5D23435E;
			remoteInfo = ChessCamera;
		};
/* End PBXContainerItemProxy section */

/* Begin PBXFileReference section */
		0CED534D304BB42852031DD1 /* Quadrilateral.swift */ = {isa = PBXFileReference; lastKnownFileType = sourcecode.swift; path = Quadrilateral.swift; sourceTree = "<group>"; };
		0A11C0DE5C0A11C0DE5C0A12 /* ChessboardGridScore.swift */ = {isa = PBXFileReference; lastKnownFileType = sourcecode.swift; path = ChessboardGridScore.swift; sourceTree = "<group>"; };
		0A11C0DE5C0A11C0DE5C0A14 /* QuadConsensus.swift */ = {isa = PBXFileReference; lastKnownFileType = sourcecode.swift; path = QuadConsensus.swift; sourceTree = "<group>"; };
		0A11C0DE5C0A11C0DE5C0A16 /* BoardLocalizerScoreTests.swift */ = {isa = PBXFileReference; lastKnownFileType = sourcecode.swift; path = BoardLocalizerScoreTests.swift; sourceTree = "<group>"; };
		0E48CF6C220FF6B94508C5A2 /* OccupancyEstimatorTests.swift */ = {isa = PBXFileReference; lastKnownFileType = sourcecode.swift; path = OccupancyEstimatorTests.swift; sourceTree = "<group>"; };
		130C59A61979D7C44565CFD3 /* ChessCameraTests.xctest */ = {isa = PBXFileReference; includeInIndex = 0; lastKnownFileType = wrapper.cfbundle; path = ChessCameraTests.xctest; sourceTree = BUILT_PRODUCTS_DIR; };
		136134940AEE54A92F2C9DEF /* PieceClass.swift */ = {isa = PBXFileReference; lastKnownFileType = sourcecode.swift; path = PieceClass.swift; sourceTree = "<group>"; };
		2687048DD7EAFFA84374F96C /* GridSamplerTests.swift */ = {isa = PBXFileReference; lastKnownFileType = sourcecode.swift; path = GridSamplerTests.swift; sourceTree = "<group>"; };
		27762E892A116A0129F170C2 /* AssetVideoSource.swift */ = {isa = PBXFileReference; lastKnownFileType = sourcecode.swift; path = AssetVideoSource.swift; sourceTree = "<group>"; };
		2F906397F6B499ED9F74D0D6 /* CornerHandle.swift */ = {isa = PBXFileReference; lastKnownFileType = sourcecode.swift; path = CornerHandle.swift; sourceTree = "<group>"; };
		345B8F34C0C137F732B2A45F /* MoveListView.swift */ = {isa = PBXFileReference; lastKnownFileType = sourcecode.swift; path = MoveListView.swift; sourceTree = "<group>"; };
		370B62A5F0006AA5BA4679CC /* SetupPrimerView.swift */ = {isa = PBXFileReference; lastKnownFileType = sourcecode.swift; path = SetupPrimerView.swift; sourceTree = "<group>"; };
		3D4DF6AAD7DFA7C4AFFB57BA /* GameEngineTests.swift */ = {isa = PBXFileReference; lastKnownFileType = sourcecode.swift; path = GameEngineTests.swift; sourceTree = "<group>"; };
		3D51154E1D59586FEF0959A1 /* PrimaryButton.swift */ = {isa = PBXFileReference; lastKnownFileType = sourcecode.swift; path = PrimaryButton.swift; sourceTree = "<group>"; };
		42F3D98EC612F6962407582C /* SettleDetectorTests.swift */ = {isa = PBXFileReference; lastKnownFileType = sourcecode.swift; path = SettleDetectorTests.swift; sourceTree = "<group>"; };
		4366B489D9995754DA91A995 /* LiveRecordingView.swift */ = {isa = PBXFileReference; lastKnownFileType = sourcecode.swift; path = LiveRecordingView.swift; sourceTree = "<group>"; };
		47C2D4FB6153013B0037F4DC /* BoardQuadOverlay.swift */ = {isa = PBXFileReference; lastKnownFileType = sourcecode.swift; path = BoardQuadOverlay.swift; sourceTree = "<group>"; };
		4830D1AEC7276C133B59756F /* WarpedBoardView.swift */ = {isa = PBXFileReference; lastKnownFileType = sourcecode.swift; path = WarpedBoardView.swift; sourceTree = "<group>"; };
		4ECF8CD0493C1DF86F812C65 /* Occupancy.swift */ = {isa = PBXFileReference; lastKnownFileType = sourcecode.swift; path = Occupancy.swift; sourceTree = "<group>"; };
		4ED39002C57FA3559FAB339C /* SessionFlowView.swift */ = {isa = PBXFileReference; lastKnownFileType = sourcecode.swift; path = SessionFlowView.swift; sourceTree = "<group>"; };
		4F1EF2B9089815AFC5B0DE93 /* Assets.xcassets */ = {isa = PBXFileReference; lastKnownFileType = folder.assetcatalog; path = Assets.xcassets; sourceTree = "<group>"; };
		5205AE72ECC8A76BCD8EFCE7 /* ShareSheet.swift */ = {isa = PBXFileReference; lastKnownFileType = sourcecode.swift; path = ShareSheet.swift; sourceTree = "<group>"; };
		57F34291011A15555B73F460 /* BoardOrientation.swift */ = {isa = PBXFileReference; lastKnownFileType = sourcecode.swift; path = BoardOrientation.swift; sourceTree = "<group>"; };
		5EE9A5A8A196054CB608A014 /* GameEngine.swift */ = {isa = PBXFileReference; lastKnownFileType = sourcecode.swift; path = GameEngine.swift; sourceTree = "<group>"; };
		641EB4B86D2BBBE963570277 /* CameraPreview.swift */ = {isa = PBXFileReference; lastKnownFileType = sourcecode.swift; path = CameraPreview.swift; sourceTree = "<group>"; };
		6716FC7C8065EF77F736FBD6 /* EditMoveSheet.swift */ = {isa = PBXFileReference; lastKnownFileType = sourcecode.swift; path = EditMoveSheet.swift; sourceTree = "<group>"; };
		68EBB019766ACFBA03AFE3B3 /* ChessCamera.app */ = {isa = PBXFileReference; explicitFileType = wrapper.application; includeInIndex = 0; path = ChessCamera.app; sourceTree = BUILT_PRODUCTS_DIR; };
		6F60C51FC76184F806DA689F /* BoardWarper.swift */ = {isa = PBXFileReference; lastKnownFileType = sourcecode.swift; path = BoardWarper.swift; sourceTree = "<group>"; };
		71AE7AECECBB5E3BC7AF3222 /* GameOverView.swift */ = {isa = PBXFileReference; lastKnownFileType = sourcecode.swift; path = GameOverView.swift; sourceTree = "<group>"; };
		72FE7C1A587B62DC967E2B51 /* CameraPermissionView.swift */ = {isa = PBXFileReference; lastKnownFileType = sourcecode.swift; path = CameraPermissionView.swift; sourceTree = "<group>"; };
		74F267858130A613897B2531 /* HistoryView.swift */ = {isa = PBXFileReference; lastKnownFileType = sourcecode.swift; path = HistoryView.swift; sourceTree = "<group>"; };
		77D0BFBF62F1C1BE14BABFA4 /* FenBar.swift */ = {isa = PBXFileReference; lastKnownFileType = sourcecode.swift; path = FenBar.swift; sourceTree = "<group>"; };
		7AB2C097D4F49229B6F0C6E9 /* DigitalBoardView.swift */ = {isa = PBXFileReference; lastKnownFileType = sourcecode.swift; path = DigitalBoardView.swift; sourceTree = "<group>"; };
		7F09C832452C674A3F981FA6 /* VisionPipeline.swift */ = {isa = PBXFileReference; lastKnownFileType = sourcecode.swift; path = VisionPipeline.swift; sourceTree = "<group>"; };
		86B3E77CD23B263A99D0C954 /* MoveInferrer.swift */ = {isa = PBXFileReference; lastKnownFileType = sourcecode.swift; path = MoveInferrer.swift; sourceTree = "<group>"; };
		885774EC391C6A091B692228 /* SessionReducerTests.swift */ = {isa = PBXFileReference; lastKnownFileType = sourcecode.swift; path = SessionReducerTests.swift; sourceTree = "<group>"; };
		8AB830616D711F6080310971 /* RecordingSessionViewModel.swift */ = {isa = PBXFileReference; lastKnownFileType = sourcecode.swift; path = RecordingSessionViewModel.swift; sourceTree = "<group>"; };
		8D0196B7AAFE7491A7D276E0 /* ConfirmStartView.swift */ = {isa = PBXFileReference; lastKnownFileType = sourcecode.swift; path = ConfirmStartView.swift; sourceTree = "<group>"; };
		9179C54600BDD7A36F495747 /* GameRecord.swift */ = {isa = PBXFileReference; lastKnownFileType = sourcecode.swift; path = GameRecord.swift; sourceTree = "<group>"; };
		93B7B146A7B69AED646C6ACF /* FenCodec.swift */ = {isa = PBXFileReference; lastKnownFileType = sourcecode.swift; path = FenCodec.swift; sourceTree = "<group>"; };
		944E004252F81031D1BD067B /* ChessSquare.swift */ = {isa = PBXFileReference; lastKnownFileType = sourcecode.swift; path = ChessSquare.swift; sourceTree = "<group>"; };
		94B40F811C0E6F4925584380 /* SecondaryButton.swift */ = {isa = PBXFileReference; lastKnownFileType = sourcecode.swift; path = SecondaryButton.swift; sourceTree = "<group>"; };
		965DE7BAC5CEA82F32932572 /* StatusBanner.swift */ = {isa = PBXFileReference; lastKnownFileType = sourcecode.swift; path = StatusBanner.swift; sourceTree = "<group>"; };
		9CEE2DCF9ED9DE0888413B88 /* Theme.swift */ = {isa = PBXFileReference; lastKnownFileType = sourcecode.swift; path = Theme.swift; sourceTree = "<group>"; };
		9E0EB3CE243B9B1352369C63 /* AppContainer.swift */ = {isa = PBXFileReference; lastKnownFileType = sourcecode.swift; path = AppContainer.swift; sourceTree = "<group>"; };
		A4D425D12AF9A60D29FFFCD6 /* VideoMapping.swift */ = {isa = PBXFileReference; lastKnownFileType = sourcecode.swift; path = VideoMapping.swift; sourceTree = "<group>"; };
		A71CEBD9D619FAE0AF196B22 /* BoardGridOverlay.swift */ = {isa = PBXFileReference; lastKnownFileType = sourcecode.swift; path = BoardGridOverlay.swift; sourceTree = "<group>"; };
		AB8DC8A93FD43242B661A48C /* ChessSquareTests.swift */ = {isa = PBXFileReference; lastKnownFileType = sourcecode.swift; path = ChessSquareTests.swift; sourceTree = "<group>"; };
		AFA3E7681CE93FE2D646331D /* BoardLocalizer.swift */ = {isa = PBXFileReference; lastKnownFileType = sourcecode.swift; path = BoardLocalizer.swift; sourceTree = "<group>"; };
		B4550D3A4EC5B1F9F5E09F7B /* ChessCameraApp.swift */ = {isa = PBXFileReference; lastKnownFileType = sourcecode.swift; path = ChessCameraApp.swift; sourceTree = "<group>"; };
		B9187FD9661CEFF90455249C /* OccupancyGridOverlay.swift */ = {isa = PBXFileReference; lastKnownFileType = sourcecode.swift; path = OccupancyGridOverlay.swift; sourceTree = "<group>"; };
		BAA39EB2AE3A09A5E91A53FE /* FrameSource.swift */ = {isa = PBXFileReference; lastKnownFileType = sourcecode.swift; path = FrameSource.swift; sourceTree = "<group>"; };
		BDD0BB7A070EF2EA30CBA486 /* OccupancyEstimator.swift */ = {isa = PBXFileReference; lastKnownFileType = sourcecode.swift; path = OccupancyEstimator.swift; sourceTree = "<group>"; };
		BE38A828270834A19A69AFAA /* SessionPhase.swift */ = {isa = PBXFileReference; lastKnownFileType = sourcecode.swift; path = SessionPhase.swift; sourceTree = "<group>"; };
		C1013B27E23EDD807311855C /* CornerTracker.swift */ = {isa = PBXFileReference; lastKnownFileType = sourcecode.swift; path = CornerTracker.swift; sourceTree = "<group>"; };
		C46CC9DDC9504DBD80822876 /* BoardDetectionView.swift */ = {isa = PBXFileReference; lastKnownFileType = sourcecode.swift; path = BoardDetectionView.swift; sourceTree = "<group>"; };
		C728BC089E05D1DE58D4A98E /* BoardStudioView.swift */ = {isa = PBXFileReference; lastKnownFileType = sourcecode.swift; path = BoardStudioView.swift; sourceTree = "<group>"; };
		CC33CDAF021C4A67084142D2 /* CornerCalibrationView.swift */ = {isa = PBXFileReference; lastKnownFileType = sourcecode.swift; path = CornerCalibrationView.swift; sourceTree = "<group>"; };
		CC7264E35F2622519CD7AFD5 /* PieceClassifier.swift */ = {isa = PBXFileReference; lastKnownFileType = sourcecode.swift; path = PieceClassifier.swift; sourceTree = "<group>"; };
		D153B0C245C35784202078C0 /* ReplayView.swift */ = {isa = PBXFileReference; lastKnownFileType = sourcecode.swift; path = ReplayView.swift; sourceTree = "<group>"; };
		D319D0AC3281B999D0BAC505 /* VideoMappingTests.swift */ = {isa = PBXFileReference; lastKnownFileType = sourcecode.swift; path = VideoMappingTests.swift; sourceTree = "<group>"; };
		D8BC96D9A76DCA39603BC639 /* OccupancyTests.swift */ = {isa = PBXFileReference; lastKnownFileType = sourcecode.swift; path = OccupancyTests.swift; sourceTree = "<group>"; };
		D8CAED125FB37E264AF34D9C /* LiveCameraSource.swift */ = {isa = PBXFileReference; lastKnownFileType = sourcecode.swift; path = LiveCameraSource.swift; sourceTree = "<group>"; };
		D92EB850B56B89077875BFBE /* SettleDetector.swift */ = {isa = PBXFileReference; lastKnownFileType = sourcecode.swift; path = SettleDetector.swift; sourceTree = "<group>"; };
		D9BF998250CF9B586DE46A86 /* CornerTrackerTests.swift */ = {isa = PBXFileReference; lastKnownFileType = sourcecode.swift; path = CornerTrackerTests.swift; sourceTree = "<group>"; };
		F133624111158A6BC81A9525 /* GridSampler.swift */ = {isa = PBXFileReference; lastKnownFileType = sourcecode.swift; path = GridSampler.swift; sourceTree = "<group>"; };
		F385A1C6D000AE9DFF229B3E /* MoveInferrerTests.swift */ = {isa = PBXFileReference; lastKnownFileType = sourcecode.swift; path = MoveInferrerTests.swift; sourceTree = "<group>"; };
/* End PBXFileReference section */

/* Begin PBXFrameworksBuildPhase section */
		4C9DCBC06F1706E95B5B8EAC /* Frameworks */ = {
			isa = PBXFrameworksBuildPhase;
			buildActionMask = 2147483647;
			files = (
				4B05BFE888C05B43F364B189 /* ChessKit in Frameworks */,
			);
			runOnlyForDeploymentPostprocessing = 0;
		};
/* End PBXFrameworksBuildPhase section */

/* Begin PBXGroup section */
		177F5A974E693C6487969E69 /* Vision */ = {
			isa = PBXGroup;
			children = (
				AFA3E7681CE93FE2D646331D /* BoardLocalizer.swift */,
				6F60C51FC76184F806DA689F /* BoardWarper.swift */,
				0A11C0DE5C0A11C0DE5C0A12 /* ChessboardGridScore.swift */,
				C1013B27E23EDD807311855C /* CornerTracker.swift */,
				F133624111158A6BC81A9525 /* GridSampler.swift */,
				BDD0BB7A070EF2EA30CBA486 /* OccupancyEstimator.swift */,
				0A11C0DE5C0A11C0DE5C0A14 /* QuadConsensus.swift */,
				0CED534D304BB42852031DD1 /* Quadrilateral.swift */,
				7F09C832452C674A3F981FA6 /* VisionPipeline.swift */,
			);
			path = Vision;
			sourceTree = "<group>";
		};
		270F1C21D4A3462433E095FD /* Session */ = {
			isa = PBXGroup;
			children = (
				8AB830616D711F6080310971 /* RecordingSessionViewModel.swift */,
				BE38A828270834A19A69AFAA /* SessionPhase.swift */,
			);
			path = Session;
			sourceTree = "<group>";
		};
		2D9F6834033E6ED87DBB0512 /* Persistence */ = {
			isa = PBXGroup;
			children = (
				9179C54600BDD7A36F495747 /* GameRecord.swift */,
			);
			path = Persistence;
			sourceTree = "<group>";
		};
		2F998C288E7293A0E32E5BF0 /* Capture */ = {
			isa = PBXGroup;
			children = (
				27762E892A116A0129F170C2 /* AssetVideoSource.swift */,
				BAA39EB2AE3A09A5E91A53FE /* FrameSource.swift */,
				D8CAED125FB37E264AF34D9C /* LiveCameraSource.swift */,
				A4D425D12AF9A60D29FFFCD6 /* VideoMapping.swift */,
			);
			path = Capture;
			sourceTree = "<group>";
		};
		43FD9E19E00C055A366A51AE /* App */ = {
			isa = PBXGroup;
			children = (
				9E0EB3CE243B9B1352369C63 /* AppContainer.swift */,
				B4550D3A4EC5B1F9F5E09F7B /* ChessCameraApp.swift */,
			);
			path = App;
			sourceTree = "<group>";
		};
		5963AB5C7BFABB417B30972F /* ChessCamera */ = {
			isa = PBXGroup;
			children = (
				4F1EF2B9089815AFC5B0DE93 /* Assets.xcassets */,
				43FD9E19E00C055A366A51AE /* App */,
				2F998C288E7293A0E32E5BF0 /* Capture */,
				5A6231A18B01B34823D6A910 /* Chess */,
				C9C265D571C9796FEC9440E5 /* Features */,
				94836754ACD25EF94705CE2D /* ML */,
				2D9F6834033E6ED87DBB0512 /* Persistence */,
				270F1C21D4A3462433E095FD /* Session */,
				BBE87CF984AF1CBDC781D84D /* UI */,
				177F5A974E693C6487969E69 /* Vision */,
			);
			path = ChessCamera;
			sourceTree = "<group>";
		};
		5A6231A18B01B34823D6A910 /* Chess */ = {
			isa = PBXGroup;
			children = (
				57F34291011A15555B73F460 /* BoardOrientation.swift */,
				944E004252F81031D1BD067B /* ChessSquare.swift */,
				93B7B146A7B69AED646C6ACF /* FenCodec.swift */,
				5EE9A5A8A196054CB608A014 /* GameEngine.swift */,
				86B3E77CD23B263A99D0C954 /* MoveInferrer.swift */,
				4ECF8CD0493C1DF86F812C65 /* Occupancy.swift */,
				D92EB850B56B89077875BFBE /* SettleDetector.swift */,
			);
			path = Chess;
			sourceTree = "<group>";
		};
		7540AA5173C8A4CD8C8361C7 = {
			isa = PBXGroup;
			children = (
				5963AB5C7BFABB417B30972F /* ChessCamera */,
				875B1C8B8E512F124B9EF084 /* ChessCameraTests */,
				A43D2B223E32375124B56BBE /* Products */,
			);
			sourceTree = "<group>";
		};
		875B1C8B8E512F124B9EF084 /* ChessCameraTests */ = {
			isa = PBXGroup;
			children = (
				0A11C0DE5C0A11C0DE5C0A16 /* BoardLocalizerScoreTests.swift */,
				AB8DC8A93FD43242B661A48C /* ChessSquareTests.swift */,
				D9BF998250CF9B586DE46A86 /* CornerTrackerTests.swift */,
				3D4DF6AAD7DFA7C4AFFB57BA /* GameEngineTests.swift */,
				2687048DD7EAFFA84374F96C /* GridSamplerTests.swift */,
				F385A1C6D000AE9DFF229B3E /* MoveInferrerTests.swift */,
				0E48CF6C220FF6B94508C5A2 /* OccupancyEstimatorTests.swift */,
				D8BC96D9A76DCA39603BC639 /* OccupancyTests.swift */,
				885774EC391C6A091B692228 /* SessionReducerTests.swift */,
				42F3D98EC612F6962407582C /* SettleDetectorTests.swift */,
				D319D0AC3281B999D0BAC505 /* VideoMappingTests.swift */,
			);
			path = ChessCameraTests;
			sourceTree = "<group>";
		};
		94836754ACD25EF94705CE2D /* ML */ = {
			isa = PBXGroup;
			children = (
				136134940AEE54A92F2C9DEF /* PieceClass.swift */,
				CC7264E35F2622519CD7AFD5 /* PieceClassifier.swift */,
			);
			path = ML;
			sourceTree = "<group>";
		};
		A43D2B223E32375124B56BBE /* Products */ = {
			isa = PBXGroup;
			children = (
				68EBB019766ACFBA03AFE3B3 /* ChessCamera.app */,
				130C59A61979D7C44565CFD3 /* ChessCameraTests.xctest */,
			);
			name = Products;
			sourceTree = "<group>";
		};
		B167ED922F38734B48D749D4 /* Live */ = {
			isa = PBXGroup;
			children = (
				C46CC9DDC9504DBD80822876 /* BoardDetectionView.swift */,
				C728BC089E05D1DE58D4A98E /* BoardStudioView.swift */,
				8D0196B7AAFE7491A7D276E0 /* ConfirmStartView.swift */,
				CC33CDAF021C4A67084142D2 /* CornerCalibrationView.swift */,
				4366B489D9995754DA91A995 /* LiveRecordingView.swift */,
				4ED39002C57FA3559FAB339C /* SessionFlowView.swift */,
			);
			path = Live;
			sourceTree = "<group>";
		};
		BBE87CF984AF1CBDC781D84D /* UI */ = {
			isa = PBXGroup;
			children = (
				A71CEBD9D619FAE0AF196B22 /* BoardGridOverlay.swift */,
				47C2D4FB6153013B0037F4DC /* BoardQuadOverlay.swift */,
				641EB4B86D2BBBE963570277 /* CameraPreview.swift */,
				2F906397F6B499ED9F74D0D6 /* CornerHandle.swift */,
				7AB2C097D4F49229B6F0C6E9 /* DigitalBoardView.swift */,
				77D0BFBF62F1C1BE14BABFA4 /* FenBar.swift */,
				345B8F34C0C137F732B2A45F /* MoveListView.swift */,
				B9187FD9661CEFF90455249C /* OccupancyGridOverlay.swift */,
				3D51154E1D59586FEF0959A1 /* PrimaryButton.swift */,
				94B40F811C0E6F4925584380 /* SecondaryButton.swift */,
				5205AE72ECC8A76BCD8EFCE7 /* ShareSheet.swift */,
				965DE7BAC5CEA82F32932572 /* StatusBanner.swift */,
				9CEE2DCF9ED9DE0888413B88 /* Theme.swift */,
				4830D1AEC7276C133B59756F /* WarpedBoardView.swift */,
			);
			path = UI;
			sourceTree = "<group>";
		};
		BF6A285F993137BF4415379F /* History */ = {
			isa = PBXGroup;
			children = (
				74F267858130A613897B2531 /* HistoryView.swift */,
			);
			path = History;
			sourceTree = "<group>";
		};
		C59760802FF30427FCD6E5F6 /* Setup */ = {
			isa = PBXGroup;
			children = (
				72FE7C1A587B62DC967E2B51 /* CameraPermissionView.swift */,
				370B62A5F0006AA5BA4679CC /* SetupPrimerView.swift */,
			);
			path = Setup;
			sourceTree = "<group>";
		};
		C9C265D571C9796FEC9440E5 /* Features */ = {
			isa = PBXGroup;
			children = (
				BF6A285F993137BF4415379F /* History */,
				B167ED922F38734B48D749D4 /* Live */,
				EBA24D8AA1DE22289999DC9E /* Replay */,
				C59760802FF30427FCD6E5F6 /* Setup */,
			);
			path = Features;
			sourceTree = "<group>";
		};
		EBA24D8AA1DE22289999DC9E /* Replay */ = {
			isa = PBXGroup;
			children = (
				6716FC7C8065EF77F736FBD6 /* EditMoveSheet.swift */,
				71AE7AECECBB5E3BC7AF3222 /* GameOverView.swift */,
				D153B0C245C35784202078C0 /* ReplayView.swift */,
			);
			path = Replay;
			sourceTree = "<group>";
		};
/* End PBXGroup section */

/* Begin PBXNativeTarget section */
		4D22B789DCCA1BAF9A818966 /* ChessCameraTests */ = {
			isa = PBXNativeTarget;
			buildConfigurationList = 0185CF396A5735390D772276 /* Build configuration list for PBXNativeTarget "ChessCameraTests" */;
			buildPhases = (
				7FDCFC5B9F6914913084B12C /* Sources */,
			);
			buildRules = (
			);
			dependencies = (
				841BDFACBD6672E7B82C6D29 /* PBXTargetDependency */,
			);
			name = ChessCameraTests;
			packageProductDependencies = (
			);
			productName = ChessCameraTests;
			productReference = 130C59A61979D7C44565CFD3 /* ChessCameraTests.xctest */;
			productType = "com.apple.product-type.bundle.unit-test";
		};
		F21275A360A34ABF5D23435E /* ChessCamera */ = {
			isa = PBXNativeTarget;
			buildConfigurationList = 5FADF989AA804D70F45E36F2 /* Build configuration list for PBXNativeTarget "ChessCamera" */;
			buildPhases = (
				C72879288C42CB282FDBC0DC /* Sources */,
				9AA19589C9DE0296F91D6BFF /* Resources */,
				4C9DCBC06F1706E95B5B8EAC /* Frameworks */,
			);
			buildRules = (
			);
			dependencies = (
			);
			name = ChessCamera;
			packageProductDependencies = (
				F9C6DB4342DC94DB08F37C45 /* ChessKit */,
			);
			productName = ChessCamera;
			productReference = 68EBB019766ACFBA03AFE3B3 /* ChessCamera.app */;
			productType = "com.apple.product-type.application";
		};
/* End PBXNativeTarget section */

/* Begin PBXProject section */
		46A074B6B537DEA09CD01496 /* Project object */ = {
			isa = PBXProject;
			attributes = {
				BuildIndependentTargetsInParallel = YES;
				LastUpgradeCheck = 1600;
				TargetAttributes = {
					F21275A360A34ABF5D23435E = {
						ProvisioningStyle = Automatic;
					};
				};
			};
			buildConfigurationList = 99F14779CFE6F0BA73A05834 /* Build configuration list for PBXProject "ChessCamera" */;
			developmentRegion = en;
			hasScannedForEncodings = 0;
			knownRegions = (
				Base,
				en,
			);
			mainGroup = 7540AA5173C8A4CD8C8361C7;
			minimizedProjectReferenceProxies = 1;
			packageReferences = (
				ACB0498871161645AF0EA920 /* XCRemoteSwiftPackageReference "chesskit-swift" */,
			);
			preferredProjectObjectVersion = 77;
			productRefGroup = A43D2B223E32375124B56BBE /* Products */;
			projectDirPath = "";
			projectRoot = "";
			targets = (
				F21275A360A34ABF5D23435E /* ChessCamera */,
				4D22B789DCCA1BAF9A818966 /* ChessCameraTests */,
			);
		};
/* End PBXProject section */

/* Begin PBXResourcesBuildPhase section */
		9AA19589C9DE0296F91D6BFF /* Resources */ = {
			isa = PBXResourcesBuildPhase;
			buildActionMask = 2147483647;
			files = (
				69B11F190BCA0E8685F3FC05 /* Assets.xcassets in Resources */,
			);
			runOnlyForDeploymentPostprocessing = 0;
		};
/* End PBXResourcesBuildPhase section */

/* Begin PBXSourcesBuildPhase section */
		7FDCFC5B9F6914913084B12C /* Sources */ = {
			isa = PBXSourcesBuildPhase;
			buildActionMask = 2147483647;
			files = (
				0A11C0DE5C0A11C0DE5C0A15 /* BoardLocalizerScoreTests.swift in Sources */,
				4818C00D3247ABE67102D9D2 /* ChessSquareTests.swift in Sources */,
				B2AD095917287D559B0DB25B /* CornerTrackerTests.swift in Sources */,
				EB8A71718C2C2C199A9018A3 /* GameEngineTests.swift in Sources */,
				5B9CBD76688D6499602BADA6 /* GridSamplerTests.swift in Sources */,
				373DD7FC3FF8B3988C8AB518 /* MoveInferrerTests.swift in Sources */,
				A7BF2FCA5A0175597D2ABB85 /* OccupancyEstimatorTests.swift in Sources */,
				34378F577714DF609FDC131A /* OccupancyTests.swift in Sources */,
				196738630B87B3F96068CEF0 /* SessionReducerTests.swift in Sources */,
				CF91F0EB3BEF44E87E5FFF06 /* SettleDetectorTests.swift in Sources */,
				3BFA2E61456376388504D61A /* VideoMappingTests.swift in Sources */,
			);
			runOnlyForDeploymentPostprocessing = 0;
		};
		C72879288C42CB282FDBC0DC /* Sources */ = {
			isa = PBXSourcesBuildPhase;
			buildActionMask = 2147483647;
			files = (
				43530378565097A5867B7EF1 /* AppContainer.swift in Sources */,
				05104C618E7BEEA97D5AE212 /* AssetVideoSource.swift in Sources */,
				749AA361C72F39C5DC30B868 /* BoardDetectionView.swift in Sources */,
				7C8C667EB0A8122D70D4012A /* BoardGridOverlay.swift in Sources */,
				0927703FFF749E61E03AE0A4 /* BoardLocalizer.swift in Sources */,
				214BB437FEE30A0FA1133B33 /* BoardOrientation.swift in Sources */,
				6887C8BEC20B9E9138852220 /* BoardQuadOverlay.swift in Sources */,
				6F6F914D6E1A5E5DE0288DAA /* BoardStudioView.swift in Sources */,
				F295EA609CA9D7AEDEEC3177 /* BoardWarper.swift in Sources */,
				0A11C0DE5C0A11C0DE5C0A11 /* ChessboardGridScore.swift in Sources */,
				A0184C1D450D6309DA1C3C43 /* CameraPermissionView.swift in Sources */,
				52C0873690FA20966CD1193E /* CameraPreview.swift in Sources */,
				616ED4E13FA1D0BF878DB1EE /* ChessCameraApp.swift in Sources */,
				FEE14E29CEF6B39419B46413 /* ChessSquare.swift in Sources */,
				1B96F7BD962BD338B9647838 /* ConfirmStartView.swift in Sources */,
				3D65842AF9A0512F692B0B8C /* CornerCalibrationView.swift in Sources */,
				394077BAF45B899B3F61FC66 /* CornerHandle.swift in Sources */,
				B586646729DCE53F787169A3 /* CornerTracker.swift in Sources */,
				AEB143CDCE6BD739F276288C /* DigitalBoardView.swift in Sources */,
				5724114A3102A693276D4065 /* EditMoveSheet.swift in Sources */,
				AA9463A9DED518FD7C7BAB57 /* FenBar.swift in Sources */,
				C6B0C6D517AC61A0E199D596 /* FenCodec.swift in Sources */,
				25FFFB7619F4FF686BFFEDCA /* FrameSource.swift in Sources */,
				C57CA4E9BABDF8C9BD21EE68 /* GameEngine.swift in Sources */,
				F7B547D92B8D3599F90F22A5 /* GameOverView.swift in Sources */,
				C2AAA022190DFAF737E05519 /* GameRecord.swift in Sources */,
				F1902E8630C19010F90C22A5 /* GridSampler.swift in Sources */,
				5B35A801578A14E6BAC5661A /* HistoryView.swift in Sources */,
				7565B081FE990130FDA594AF /* LiveCameraSource.swift in Sources */,
				B45E2E887B33396EA01523BD /* LiveRecordingView.swift in Sources */,
				29EA8CF6D8ED8595F28747DD /* MoveInferrer.swift in Sources */,
				EE982BA48D41A96F96BE4F63 /* MoveListView.swift in Sources */,
				A1C3A2F6D053D4FC266969BF /* Occupancy.swift in Sources */,
				803E1176B99E1E0251B2D4D6 /* OccupancyEstimator.swift in Sources */,
				8D3B37420D3FBC8855BF9A79 /* OccupancyGridOverlay.swift in Sources */,
				FD11C9AE03C4FAD97C277F81 /* PieceClass.swift in Sources */,
				E4C8382C44C0123BC07874B3 /* PieceClassifier.swift in Sources */,
				7E55A474CDB7FA8EDD927F5C /* PrimaryButton.swift in Sources */,
				0A11C0DE5C0A11C0DE5C0A13 /* QuadConsensus.swift in Sources */,
				3659DFF731728761CDB532E4 /* Quadrilateral.swift in Sources */,
				531F7CB04F6CE258D1CB83C3 /* RecordingSessionViewModel.swift in Sources */,
				37206928B6D3C62354AC1A26 /* ReplayView.swift in Sources */,
				AB694D3E4CAA82EF207B0020 /* SecondaryButton.swift in Sources */,
				558D6B0218A11D50738FF5EF /* SessionFlowView.swift in Sources */,
				BA7478BBD8A3008ADC3AC49E /* SessionPhase.swift in Sources */,
				C05E782950D99E493B421334 /* SettleDetector.swift in Sources */,
				9F0EFF697E4A3D38399B1829 /* SetupPrimerView.swift in Sources */,
				E19E0E60BDE4C5F84ADDEFEC /* ShareSheet.swift in Sources */,
				ACA986A15065145232FCAA16 /* StatusBanner.swift in Sources */,
				AC957787020982DD36FA616B /* Theme.swift in Sources */,
				9EAB8A7EFAEDC96BCE7080CD /* VideoMapping.swift in Sources */,
				0DFD3E376157F38C52B5CCE8 /* VisionPipeline.swift in Sources */,
				E89AF36505E4C612017789E7 /* WarpedBoardView.swift in Sources */,
			);
			runOnlyForDeploymentPostprocessing = 0;
		};
/* End PBXSourcesBuildPhase section */

/* Begin PBXTargetDependency section */
		841BDFACBD6672E7B82C6D29 /* PBXTargetDependency */ = {
			isa = PBXTargetDependency;
			target = F21275A360A34ABF5D23435E /* ChessCamera */;
			targetProxy = 2E476D96C4D7BB9B1EF57F89 /* PBXContainerItemProxy */;
		};
/* End PBXTargetDependency section */

/* Begin XCBuildConfiguration section */
		0B515E2F09D7707B3053B942 /* Debug */ = {
			isa = XCBuildConfiguration;
			buildSettings = {
				ASSETCATALOG_COMPILER_APPICON_NAME = AppIcon;
				CODE_SIGN_IDENTITY = "iPhone Developer";
				CODE_SIGN_STYLE = Automatic;
				CURRENT_PROJECT_VERSION = 1;
				DEVELOPMENT_TEAM = MBBD9BRZ67;
				ENABLE_PREVIEWS = YES;
				GENERATE_INFOPLIST_FILE = YES;
				INFOPLIST_KEY_CFBundleDisplayName = "Chess Camera";
				INFOPLIST_KEY_NSCameraUsageDescription = "Chess Camera watches the board to record your game.";
				INFOPLIST_KEY_NSPhotoLibraryUsageDescription = "Import a recorded video to test the same pipeline.";
				INFOPLIST_KEY_UILaunchScreen_Generation = YES;
				INFOPLIST_KEY_UISupportedInterfaceOrientations = "UIInterfaceOrientationPortrait UIInterfaceOrientationLandscapeLeft UIInterfaceOrientationLandscapeRight";
				INFOPLIST_KEY_UISupportedInterfaceOrientations_iPhone = "UIInterfaceOrientationPortrait UIInterfaceOrientationLandscapeLeft UIInterfaceOrientationLandscapeRight";
				LD_RUNPATH_SEARCH_PATHS = (
					"$(inherited)",
					"@executable_path/Frameworks",
				);
				MARKETING_VERSION = 1.0;
				PRODUCT_BUNDLE_IDENTIFIER = app.chesscamera.ChessCamera;
				PRODUCT_MODULE_NAME = ChessCamera;
				PRODUCT_NAME = ChessCamera;
				SDKROOT = iphoneos;
				TARGETED_DEVICE_FAMILY = "1,2";
			};
			name = Debug;
		};
		1BAF82F2C728609D041A53A9 /* Release */ = {
			isa = XCBuildConfiguration;
			buildSettings = {
				ASSETCATALOG_COMPILER_APPICON_NAME = AppIcon;
				CODE_SIGN_IDENTITY = "iPhone Developer";
				CODE_SIGN_STYLE = Automatic;
				CURRENT_PROJECT_VERSION = 1;
				DEVELOPMENT_TEAM = MBBD9BRZ67;
				ENABLE_PREVIEWS = YES;
				GENERATE_INFOPLIST_FILE = YES;
				INFOPLIST_KEY_CFBundleDisplayName = "Chess Camera";
				INFOPLIST_KEY_NSCameraUsageDescription = "Chess Camera watches the board to record your game.";
				INFOPLIST_KEY_NSPhotoLibraryUsageDescription = "Import a recorded video to test the same pipeline.";
				INFOPLIST_KEY_UILaunchScreen_Generation = YES;
				INFOPLIST_KEY_UISupportedInterfaceOrientations = "UIInterfaceOrientationPortrait UIInterfaceOrientationLandscapeLeft UIInterfaceOrientationLandscapeRight";
				INFOPLIST_KEY_UISupportedInterfaceOrientations_iPhone = "UIInterfaceOrientationPortrait UIInterfaceOrientationLandscapeLeft UIInterfaceOrientationLandscapeRight";
				LD_RUNPATH_SEARCH_PATHS = (
					"$(inherited)",
					"@executable_path/Frameworks",
				);
				MARKETING_VERSION = 1.0;
				PRODUCT_BUNDLE_IDENTIFIER = app.chesscamera.ChessCamera;
				PRODUCT_MODULE_NAME = ChessCamera;
				PRODUCT_NAME = ChessCamera;
				SDKROOT = iphoneos;
				TARGETED_DEVICE_FAMILY = "1,2";
			};
			name = Release;
		};
		3D26C664AE599054743849F8 /* Release */ = {
			isa = XCBuildConfiguration;
			buildSettings = {
				ALWAYS_SEARCH_USER_PATHS = NO;
				CLANG_ANALYZER_NONNULL = YES;
				CLANG_ANALYZER_NUMBER_OBJECT_CONVERSION = YES_AGGRESSIVE;
				CLANG_CXX_LANGUAGE_STANDARD = "gnu++14";
				CLANG_CXX_LIBRARY = "libc++";
				CLANG_ENABLE_MODULES = YES;
				CLANG_ENABLE_OBJC_ARC = YES;
				CLANG_ENABLE_OBJC_WEAK = YES;
				CLANG_WARN_BLOCK_CAPTURE_AUTORELEASING = YES;
				CLANG_WARN_BOOL_CONVERSION = YES;
				CLANG_WARN_COMMA = YES;
				CLANG_WARN_CONSTANT_CONVERSION = YES;
				CLANG_WARN_DEPRECATED_OBJC_IMPLEMENTATIONS = YES;
				CLANG_WARN_DIRECT_OBJC_ISA_USAGE = YES_ERROR;
				CLANG_WARN_DOCUMENTATION_COMMENTS = YES;
				CLANG_WARN_EMPTY_BODY = YES;
				CLANG_WARN_ENUM_CONVERSION = YES;
				CLANG_WARN_INFINITE_RECURSION = YES;
				CLANG_WARN_INT_CONVERSION = YES;
				CLANG_WARN_NON_LITERAL_NULL_CONVERSION = YES;
				CLANG_WARN_OBJC_IMPLICIT_RETAIN_SELF = YES;
				CLANG_WARN_OBJC_LITERAL_CONVERSION = YES;
				CLANG_WARN_OBJC_ROOT_CLASS = YES_ERROR;
				CLANG_WARN_QUOTED_INCLUDE_IN_FRAMEWORK_HEADER = YES;
				CLANG_WARN_RANGE_LOOP_ANALYSIS = YES;
				CLANG_WARN_STRICT_PROTOTYPES = YES;
				CLANG_WARN_SUSPICIOUS_MOVE = YES;
				CLANG_WARN_UNGUARDED_AVAILABILITY = YES_AGGRESSIVE;
				CLANG_WARN_UNREACHABLE_CODE = YES;
				CLANG_WARN__DUPLICATE_METHOD_MATCH = YES;
				COPY_PHASE_STRIP = NO;
				DEBUG_INFORMATION_FORMAT = "dwarf-with-dsym";
				ENABLE_NS_ASSERTIONS = NO;
				ENABLE_STRICT_OBJC_MSGSEND = YES;
				GCC_C_LANGUAGE_STANDARD = gnu11;
				GCC_NO_COMMON_BLOCKS = YES;
				GCC_WARN_64_TO_32_BIT_CONVERSION = YES;
				GCC_WARN_ABOUT_RETURN_TYPE = YES_ERROR;
				GCC_WARN_UNDECLARED_SELECTOR = YES;
				GCC_WARN_UNINITIALIZED_AUTOS = YES_AGGRESSIVE;
				GCC_WARN_UNUSED_FUNCTION = YES;
				GCC_WARN_UNUSED_VARIABLE = YES;
				IPHONEOS_DEPLOYMENT_TARGET = 18.0;
				MTL_ENABLE_DEBUG_INFO = NO;
				MTL_FAST_MATH = YES;
				PRODUCT_NAME = "$(TARGET_NAME)";
				SDKROOT = iphoneos;
				SWIFT_COMPILATION_MODE = wholemodule;
				SWIFT_OPTIMIZATION_LEVEL = "-O";
				SWIFT_STRICT_CONCURRENCY = complete;
				SWIFT_VERSION = 6.0;
				TARGETED_DEVICE_FAMILY = 1;
			};
			name = Release;
		};
		7E3866E54CB5685ACBFF83FD /* Release */ = {
			isa = XCBuildConfiguration;
			buildSettings = {
				BUNDLE_LOADER = "$(TEST_HOST)";
				CODE_SIGNING_ALLOWED = NO;
				GENERATE_INFOPLIST_FILE = YES;
				LD_RUNPATH_SEARCH_PATHS = (
					"$(inherited)",
					"@executable_path/Frameworks",
					"@loader_path/Frameworks",
				);
				PRODUCT_BUNDLE_IDENTIFIER = app.chesscamera.ChessCameraTests;
				SDKROOT = iphoneos;
				TARGETED_DEVICE_FAMILY = "1,2";
				TEST_HOST = "$(BUILT_PRODUCTS_DIR)/ChessCamera.app/$(BUNDLE_EXECUTABLE_FOLDER_PATH)/ChessCamera";
			};
			name = Release;
		};
		D7BD9719554440AD8E3DC937 /* Debug */ = {
			isa = XCBuildConfiguration;
			buildSettings = {
				ALWAYS_SEARCH_USER_PATHS = NO;
				CLANG_ANALYZER_NONNULL = YES;
				CLANG_ANALYZER_NUMBER_OBJECT_CONVERSION = YES_AGGRESSIVE;
				CLANG_CXX_LANGUAGE_STANDARD = "gnu++14";
				CLANG_CXX_LIBRARY = "libc++";
				CLANG_ENABLE_MODULES = YES;
				CLANG_ENABLE_OBJC_ARC = YES;
				CLANG_ENABLE_OBJC_WEAK = YES;
				CLANG_WARN_BLOCK_CAPTURE_AUTORELEASING = YES;
				CLANG_WARN_BOOL_CONVERSION = YES;
				CLANG_WARN_COMMA = YES;
				CLANG_WARN_CONSTANT_CONVERSION = YES;
				CLANG_WARN_DEPRECATED_OBJC_IMPLEMENTATIONS = YES;
				CLANG_WARN_DIRECT_OBJC_ISA_USAGE = YES_ERROR;
				CLANG_WARN_DOCUMENTATION_COMMENTS = YES;
				CLANG_WARN_EMPTY_BODY = YES;
				CLANG_WARN_ENUM_CONVERSION = YES;
				CLANG_WARN_INFINITE_RECURSION = YES;
				CLANG_WARN_INT_CONVERSION = YES;
				CLANG_WARN_NON_LITERAL_NULL_CONVERSION = YES;
				CLANG_WARN_OBJC_IMPLICIT_RETAIN_SELF = YES;
				CLANG_WARN_OBJC_LITERAL_CONVERSION = YES;
				CLANG_WARN_OBJC_ROOT_CLASS = YES_ERROR;
				CLANG_WARN_QUOTED_INCLUDE_IN_FRAMEWORK_HEADER = YES;
				CLANG_WARN_RANGE_LOOP_ANALYSIS = YES;
				CLANG_WARN_STRICT_PROTOTYPES = YES;
				CLANG_WARN_SUSPICIOUS_MOVE = YES;
				CLANG_WARN_UNGUARDED_AVAILABILITY = YES_AGGRESSIVE;
				CLANG_WARN_UNREACHABLE_CODE = YES;
				CLANG_WARN__DUPLICATE_METHOD_MATCH = YES;
				COPY_PHASE_STRIP = NO;
				DEBUG_INFORMATION_FORMAT = dwarf;
				ENABLE_STRICT_OBJC_MSGSEND = YES;
				ENABLE_TESTABILITY = YES;
				GCC_C_LANGUAGE_STANDARD = gnu11;
				GCC_DYNAMIC_NO_PIC = NO;
				GCC_NO_COMMON_BLOCKS = YES;
				GCC_OPTIMIZATION_LEVEL = 0;
				GCC_PREPROCESSOR_DEFINITIONS = (
					"$(inherited)",
					"DEBUG=1",
				);
				GCC_WARN_64_TO_32_BIT_CONVERSION = YES;
				GCC_WARN_ABOUT_RETURN_TYPE = YES_ERROR;
				GCC_WARN_UNDECLARED_SELECTOR = YES;
				GCC_WARN_UNINITIALIZED_AUTOS = YES_AGGRESSIVE;
				GCC_WARN_UNUSED_FUNCTION = YES;
				GCC_WARN_UNUSED_VARIABLE = YES;
				IPHONEOS_DEPLOYMENT_TARGET = 18.0;
				MTL_ENABLE_DEBUG_INFO = INCLUDE_SOURCE;
				MTL_FAST_MATH = YES;
				ONLY_ACTIVE_ARCH = YES;
				PRODUCT_NAME = "$(TARGET_NAME)";
				SDKROOT = iphoneos;
				SWIFT_ACTIVE_COMPILATION_CONDITIONS = DEBUG;
				SWIFT_OPTIMIZATION_LEVEL = "-Onone";
				SWIFT_STRICT_CONCURRENCY = complete;
				SWIFT_VERSION = 6.0;
				TARGETED_DEVICE_FAMILY = 1;
			};
			name = Debug;
		};
		F64855BA81685149A22346C4 /* Debug */ = {
			isa = XCBuildConfiguration;
			buildSettings = {
				BUNDLE_LOADER = "$(TEST_HOST)";
				CODE_SIGNING_ALLOWED = NO;
				GENERATE_INFOPLIST_FILE = YES;
				LD_RUNPATH_SEARCH_PATHS = (
					"$(inherited)",
					"@executable_path/Frameworks",
					"@loader_path/Frameworks",
				);
				PRODUCT_BUNDLE_IDENTIFIER = app.chesscamera.ChessCameraTests;
				SDKROOT = iphoneos;
				TARGETED_DEVICE_FAMILY = "1,2";
				TEST_HOST = "$(BUILT_PRODUCTS_DIR)/ChessCamera.app/$(BUNDLE_EXECUTABLE_FOLDER_PATH)/ChessCamera";
			};
			name = Debug;
		};
/* End XCBuildConfiguration section */

/* Begin XCConfigurationList section */
		0185CF396A5735390D772276 /* Build configuration list for PBXNativeTarget "ChessCameraTests" */ = {
			isa = XCConfigurationList;
			buildConfigurations = (
				F64855BA81685149A22346C4 /* Debug */,
				7E3866E54CB5685ACBFF83FD /* Release */,
			);
			defaultConfigurationIsVisible = 0;
			defaultConfigurationName = Debug;
		};
		5FADF989AA804D70F45E36F2 /* Build configuration list for PBXNativeTarget "ChessCamera" */ = {
			isa = XCConfigurationList;
			buildConfigurations = (
				0B515E2F09D7707B3053B942 /* Debug */,
				1BAF82F2C728609D041A53A9 /* Release */,
			);
			defaultConfigurationIsVisible = 0;
			defaultConfigurationName = Debug;
		};
		99F14779CFE6F0BA73A05834 /* Build configuration list for PBXProject "ChessCamera" */ = {
			isa = XCConfigurationList;
			buildConfigurations = (
				D7BD9719554440AD8E3DC937 /* Debug */,
				3D26C664AE599054743849F8 /* Release */,
			);
			defaultConfigurationIsVisible = 0;
			defaultConfigurationName = Debug;
		};
/* End XCConfigurationList section */

/* Begin XCRemoteSwiftPackageReference section */
		ACB0498871161645AF0EA920 /* XCRemoteSwiftPackageReference "chesskit-swift" */ = {
			isa = XCRemoteSwiftPackageReference;
			repositoryURL = "https://github.com/chesskit-app/chesskit-swift";
			requirement = {
				kind = upToNextMajorVersion;
				minimumVersion = 0.17.0;
			};
		};
/* End XCRemoteSwiftPackageReference section */

/* Begin XCSwiftPackageProductDependency section */
		F9C6DB4342DC94DB08F37C45 /* ChessKit */ = {
			isa = XCSwiftPackageProductDependency;
			package = ACB0498871161645AF0EA920 /* XCRemoteSwiftPackageReference "chesskit-swift" */;
			productName = ChessKit;
		};
/* End XCSwiftPackageProductDependency section */
	};
	rootObject = 46A074B6B537DEA09CD01496 /* Project object */;
}
