{
  "originHash" : "a61dd07bca62e199ecbf50ed146aac49f650f6f00a1c417d0b2cf861a00cddd6",
  "pins" : [
    {
      "identity" : "chesskit-engine",
      "kind" : "remoteSourceControl",
      "location" : "https://github.com/chesskit-app/chesskit-engine",
      "state" : {
        "revision" : "a2b47697e5f90418623a1e06c58fd36cd3289fca",
        "version" : "0.7.0"
      }
    },
    {
      "identity" : "chesskit-swift",
      "kind" : "remoteSourceControl",
      "location" : "https://github.com/chesskit-app/chesskit-swift",
      "state" : {
        "revision" : "44ef7a1aa9da25bf0a9606a8960591a4dde3fad2",
        "version" : "0.17.0"
      }
    },
    {
      "identity" : "opencv-spm",
      "kind" : "remoteSourceControl",
      "location" : "https://github.com/yeatse/opencv-spm.git",
      "state" : {
        "revision" : "106fd4aab9a0a83d46d3700b2dc3e2d6e6c93364",
        "version" : "5.0.0"
      }
    }
  ],
  "version" : 3
}
